
Microsoft Visual Studio Solution File, Format Version 12.00
# Visual Studio Version 17
VisualStudioVersion = 17.0.32014.148
MinimumVisualStudioVersion = 10.0.40219.1
Project("{FAE04EC0-301F-11D3-BF4B-00C04F79EFBC}") = "DEV1301", "DEV1301\DEV1301.csproj", "{8B888E71-2565-4200-9FE6-F96917841E83}"
EndProject
Global
	GlobalSection(SolutionConfigurationPlatforms) = preSolution
		Debug|Any CPU = Debug|Any CPU
		Release|Any CPU = Release|Any CPU
	EndGlobalSection
	GlobalSection(ProjectConfigurationPlatforms) = postSolution
		{8B888E71-2565-4200-9FE6-F96917841E83}.Debug|Any CPU.ActiveCfg = Debug|Any CPU
		{8B888E71-2565-4200-9FE6-F96917841E83}.Debug|Any CPU.Build.0 = Debug|Any CPU
		{8B888E71-2565-4200-9FE6-F96917841E83}.Release|Any CPU.ActiveCfg = Release|Any CPU
		{8B888E71-2565-4200-9FE6-F96917841E83}.Release|Any CPU.Build.0 = Release|Any CPU
	EndGlobalSection
	GlobalSection(SolutionProperties) = preSolution
		HideSolutionNode = FALSE
	EndGlobalSection
	GlobalSection(ExtensibilityGlobals) = postSolution
		SolutionGuid = {A42B24DB-EF6A-4648-9CD5-9505BE270E6F}
	EndGlobalSection
EndGlobal
